Microsoft Visual Studio Solution File, Format Version 12.00
# Visual Studio 2012
Project("{FAE04EC0-301F-11D3-BF4B-00C04F79EFBC}") = "dodge the creeps 2d", "dodge the creeps 2d.csproj", "{40A4522A-0686-47B2-AEC8-852F9667BEB8}"
EndProject
Global
	GlobalSection(SolutionConfigurationPlatforms) = preSolution
	Debug|Any CPU = Debug|Any CPU
	ExportDebug|Any CPU = ExportDebug|Any CPU
	ExportRelease|Any CPU = ExportRelease|Any CPU
	EndGlobalSection
	GlobalSection(ProjectConfigurationPlatforms) = postSolution
		{40A4522A-0686-47B2-AEC8-852F9667BEB8}.Debug|Any CPU.ActiveCfg = Debug|Any CPU
		{40A4522A-0686-47B2-AEC8-852F9667BEB8}.Debug|Any CPU.Build.0 = Debug|Any CPU
		{40A4522A-0686-47B2-AEC8-852F9667BEB8}.ExportDebug|Any CPU.ActiveCfg = ExportDebug|Any CPU
		{40A4522A-0686-47B2-AEC8-852F9667BEB8}.ExportDebug|Any CPU.Build.0 = ExportDebug|Any CPU
		{40A4522A-0686-47B2-AEC8-852F9667BEB8}.ExportRelease|Any CPU.ActiveCfg = ExportRelease|Any CPU
		{40A4522A-0686-47B2-AEC8-852F9667BEB8}.ExportRelease|Any CPU.Build.0 = ExportRelease|Any CPU
	EndGlobalSection
EndGlobal
